
Microsoft Visual Studio Solution File, Format Version 11.00
# Visual C++ Express 2010
Project("{8BC9CEB8-8B4A-11D0-8D11-00A0C91BC942}") = "hangman", "hangman\hangman.vcxproj", "{DAB277B5-B01B-4EC4-B357-44D04E75F488}"
EndProject
Global
	GlobalSection(SolutionConfigurationPlatforms) = preSolution
		Debug|Win32 = Debug|Win32
		Release|Win32 = Release|Win32
	EndGlobalSection
	GlobalSection(ProjectConfigurationPlatforms) = postSolution
		{DAB277B5-B01B-4EC4-B357-44D04E75F488}.Debug|Win32.ActiveCfg = Debug|Win32
		{DAB277B5-B01B-4EC4-B357-44D04E75F488}.Debug|Win32.Build.0 = Debug|Win32
		{DAB277B5-B01B-4EC4-B357-44D04E75F488}.Release|Win32.ActiveCfg = Release|Win32
		{DAB277B5-B01B-4EC4-B357-44D04E75F488}.Release|Win32.Build.0 = Release|Win32
	EndGlobalSection
	GlobalSection(SolutionProperties) = preSolution
		HideSolutionNode = FALSE
	EndGlobalSection
EndGlobal
